
Microsoft Visual Studio Solution File, Format Version 12.00
# Visual Studio 15
VisualStudioVersion = 15.0.28307.136
MinimumVisualStudioVersion = 10.0.40219.1
Project("{FAE04EC0-301F-11D3-BF4B-00C04F79EFBC}") = "ZachWebSite", "ZachWebSite\ZachWebSite.csproj", "{9677D0F6-4ECF-4BD6-A45B-1F00E3F6EFEA}"
EndProject
Global
	GlobalSection(SolutionConfigurationPlatforms) = preSolution
		Debug|Any CPU = Debug|Any CPU
		Release|Any CPU = Release|Any CPU
	EndGlobalSection
	GlobalSection(ProjectConfigurationPlatforms) = postSolution
		{9677D0F6-4ECF-4BD6-A45B-1F00E3F6EFEA}.Debug|Any CPU.ActiveCfg = Debug|Any CPU
		{9677D0F6-4ECF-4BD6-A45B-1F00E3F6EFEA}.Debug|Any CPU.Build.0 = Debug|Any CPU
		{9677D0F6-4ECF-4BD6-A45B-1F00E3F6EFEA}.Release|Any CPU.ActiveCfg = Release|Any CPU
		{9677D0F6-4ECF-4BD6-A45B-1F00E3F6EFEA}.Release|Any CPU.Build.0 = Release|Any CPU
	EndGlobalSection
	GlobalSection(SolutionProperties) = preSolution
		HideSolutionNode = FALSE
	EndGlobalSection
	GlobalSection(ExtensibilityGlobals) = postSolution
		SolutionGuid = {CC9DF0A5-6FC0-4302-B3DA-772E0FE094DD}
	EndGlobalSection
EndGlobal
